// !$*UTF8*$!
{
	archiveVersion = 1;
	classes = {
	};
	objectVersion = 55;
	objects = {

/* Begin PBXBuildFile section */
		8FC6651527EAE80100C6DC90 /* AppDelegate.swift in Sources */ = {isa = PBXBuildFile; fileRef = 8FC6651427EAE80100C6DC90 /* AppDelegate.swift */; };
		8FC6651727EAE80100C6DC90 /* SceneDelegate.swift in Sources */ = {isa = PBXBuildFile; fileRef = 8FC6651627EAE80100C6DC90 /* SceneDelegate.swift */; };
		8FC6651927EAE80100C6DC90 /* ViewController.swift in Sources */ = {isa = PBXBuildFile; fileRef = 8FC6651827EAE80100C6DC90 /* ViewController.swift */; };
		8FC6651C27EAE80100C6DC90 /* Main.storyboard in Resources */ = {isa = PBXBuildFile; fileRef = 8FC6651A27EAE80100C6DC90 /* Main.storyboard */; };
		8FC6651E27EAE80300C6DC90 /* Assets.xcassets in Resources */ = {isa = PBXBuildFile; fileRef = 8FC6651D27EAE80300C6DC90 /* Assets.xcassets */; };
		8FC6652127EAE80300C6DC90 /* LaunchScreen.storyboard in Resources */ = {isa = PBXBuildFile; fileRef = 8FC6651F27EAE80300C6DC90 /* LaunchScreen.storyboard */; };
		8FC6653627EAE82800C6DC90 /* BluetoothManagerTests.swift in Sources */ = {isa = PBXBuildFile; fileRef = 8FC6653527EAE82800C6DC90 /* BluetoothManagerTests.swift */; };
		8FC6653B27EAF11C00C6DC90 /* Creator.m in Sources */ = {isa = PBXBuildFile; fileRef = 8FC6653A27EAF11C00C6DC90 /* Creator.m */; };
/* End PBXBuildFile section */

/* Begin PBXContainerItemProxy section */
		8FC6653027EAE81500C6DC90 /* PBXContainerItemProxy */ = {
			isa = PBXContainerItemProxy;
			containerPortal = 8FC6650927EAE80100C6DC90 /* Project object */;
			proxyType = 1;
			remoteGlobalIDString = 8FC6651027EAE80100C6DC90;
			remoteInfo = "Testing-CB";
		};
/* End PBXContainerItemProxy section */

/* Begin PBXFileReference section */
		8FC6651127EAE80100C6DC90 /* Testing-CB.app */ = {isa = PBXFileReference; explicitFileType = wrapper.application; includeInIndex = 0; path = "Testing-CB.app"; sourceTree = BUILT_PRODUCTS_DIR; };
		8FC6651427EAE80100C6DC90 /* AppDelegate.swift */ = {isa = PBXFileReference; lastKnownFileType = sourcecode.swift; path = AppDelegate.swift; sourceTree = "<group>"; };
		8FC6651627EAE80100C6DC90 /* SceneDelegate.swift */ = {isa = PBXFileReference; lastKnownFileType = sourcecode.swift; path = SceneDelegate.swift; sourceTree = "<group>"; };
		8FC6651827EAE80100C6DC90 /* ViewController.swift */ = {isa = PBXFileReference; lastKnownFileType = sourcecode.swift; path = ViewController.swift; sourceTree = "<group>"; };
		8FC6651B27EAE80100C6DC90 /* Base */ = {isa = PBXFileReference; lastKnownFileType = file.storyboard; name = Base; path = Base.lproj/Main.storyboard; sourceTree = "<group>"; };
		8FC6651D27EAE80300C6DC90 /* Assets.xcassets */ = {isa = PBXFileReference; lastKnownFileType = folder.assetcatalog; path = Assets.xcassets; sourceTree = "<group>"; };
		8FC6652027EAE80300C6DC90 /* Base */ = {isa = PBXFileReference; lastKnownFileType = file.storyboard; name = Base; path = Base.lproj/LaunchScreen.storyboard; sourceTree = "<group>"; };
		8FC6652227EAE80300C6DC90 /* Info.plist */ = {isa = PBXFileReference; lastKnownFileType = text.plist.xml; path = Info.plist; sourceTree = "<group>"; };
		8FC6652C27EAE81500C6DC90 /* Testing-CBTests.xctest */ = {isa = PBXFileReference; explicitFileType = wrapper.cfbundle; includeInIndex = 0; path = "Testing-CBTests.xctest"; sourceTree = BUILT_PRODUCTS_DIR; };
		8FC6653527EAE82800C6DC90 /* BluetoothManagerTests.swift */ = {isa = PBXFileReference; lastKnownFileType = sourcecode.swift; path = BluetoothManagerTests.swift; sourceTree = "<group>"; };
		8FC6653827EAF11100C6DC90 /* Creator.h */ = {isa = PBXFileReference; lastKnownFileType = sourcecode.c.h; path = Creator.h; sourceTree = "<group>"; };
		8FC6653927EAF11C00C6DC90 /* Testing-CBTests-Bridging-Header.h */ = {isa = PBXFileReference; lastKnownFileType = sourcecode.c.h; path = "Testing-CBTests-Bridging-Header.h"; sourceTree = "<group>"; };
		8FC6653A27EAF11C00C6DC90 /* Creator.m */ = {isa = PBXFileReference; lastKnownFileType = sourcecode.c.objc; path = Creator.m; sourceTree = "<group>"; };
/* End PBXFileReference section */

/* Begin PBXFrameworksBuildPhase section */
		8FC6650E27EAE80100C6DC90 /* Frameworks */ = {
			isa = PBXFrameworksBuildPhase;
			buildActionMask = 2147483647;
			files = (
			);
			runOnlyForDeploymentPostprocessing = 0;
		};
		8FC6652927EAE81500C6DC90 /* Frameworks */ = {
			isa = PBXFrameworksBuildPhase;
			buildActionMask = 2147483647;
			files = (
			);
			runOnlyForDeploymentPostprocessing = 0;
		};
/* End PBXFrameworksBuildPhase section */

/* Begin PBXGroup section */
		8FC6650827EAE80100C6DC90 = {
			isa = PBXGroup;
			children = (
				8FC6651327EAE80100C6DC90 /* Testing-CB */,
				8FC6652D27EAE81500C6DC90 /* Testing-CBTests */,
				8FC6651227EAE80100C6DC90 /* Products */,
			);
			sourceTree = "<group>";
		};
		8FC6651227EAE80100C6DC90 /* Products */ = {
			isa = PBXGroup;
			children = (
				8FC6651127EAE80100C6DC90 /* Testing-CB.app */,
				8FC6652C27EAE81500C6DC90 /* Testing-CBTests.xctest */,
			);
			name = Products;
			sourceTree = "<group>";
		};
		8FC6651327EAE80100C6DC90 /* Testing-CB */ = {
			isa = PBXGroup;
			children = (
				8FC6651427EAE80100C6DC90 /* AppDelegate.swift */,
				8FC6651627EAE80100C6DC90 /* SceneDelegate.swift */,
				8FC6651827EAE80100C6DC90 /* ViewController.swift */,
				8FC6651A27EAE80100C6DC90 /* Main.storyboard */,
				8FC6651D27EAE80300C6DC90 /* Assets.xcassets */,
				8FC6651F27EAE80300C6DC90 /* LaunchScreen.storyboard */,
				8FC6652227EAE80300C6DC90 /* Info.plist */,
			);
			path = "Testing-CB";
			sourceTree = "<group>";
		};
		8FC6652D27EAE81500C6DC90 /* Testing-CBTests */ = {
			isa = PBXGroup;
			children = (
				8FC6653527EAE82800C6DC90 /* BluetoothManagerTests.swift */,
				8FC6653827EAF11100C6DC90 /* Creator.h */,
				8FC6653A27EAF11C00C6DC90 /* Creator.m */,
				8FC6653927EAF11C00C6DC90 /* Testing-CBTests-Bridging-Header.h */,
			);
			path = "Testing-CBTests";
			sourceTree = "<group>";
		};
/* End PBXGroup section */

/* Begin PBXNativeTarget section */
		8FC6651027EAE80100C6DC90 /* Testing-CB */ = {
			isa = PBXNativeTarget;
			buildConfigurationList = 8FC6652527EAE80300C6DC90 /* Build configuration list for PBXNativeTarget "Testing-CB" */;
			buildPhases = (
				8FC6650D27EAE80100C6DC90 /* Sources */,
				8FC6650E27EAE80100C6DC90 /* Frameworks */,
				8FC6650F27EAE80100C6DC90 /* Resources */,
			);
			buildRules = (
			);
			dependencies = (
			);
			name = "Testing-CB";
			productName = "Testing-CB";
			productReference = 8FC6651127EAE80100C6DC90 /* Testing-CB.app */;
			productType = "com.apple.product-type.application";
		};
		8FC6652B27EAE81500C6DC90 /* Testing-CBTests */ = {
			isa = PBXNativeTarget;
			buildConfigurationList = 8FC6653227EAE81500C6DC90 /* Build configuration list for PBXNativeTarget "Testing-CBTests" */;
			buildPhases = (
				8FC6652827EAE81500C6DC90 /* Sources */,
				8FC6652927EAE81500C6DC90 /* Frameworks */,
				8FC6652A27EAE81500C6DC90 /* Resources */,
			);
			buildRules = (
			);
			dependencies = (
				8FC6653127EAE81500C6DC90 /* PBXTargetDependency */,
			);
			name = "Testing-CBTests";
			productName = "Testing-CBTests";
			productReference = 8FC6652C27EAE81500C6DC90 /* Testing-CBTests.xctest */;
			productType = "com.apple.product-type.bundle.unit-test";
		};
/* End PBXNativeTarget section */

/* Begin PBXProject section */
		8FC6650927EAE80100C6DC90 /* Project object */ = {
			isa = PBXProject;
			attributes = {
				BuildIndependentTargetsInParallel = 1;
				LastSwiftUpdateCheck = 1320;
				LastUpgradeCheck = 1320;
				TargetAttributes = {
					8FC6651027EAE80100C6DC90 = {
						CreatedOnToolsVersion = 13.2.1;
					};
					8FC6652B27EAE81500C6DC90 = {
						CreatedOnToolsVersion = 13.2.1;
						LastSwiftMigration = 1320;
						TestTargetID = 8FC6651027EAE80100C6DC90;
					};
				};
			};
			buildConfigurationList = 8FC6650C27EAE80100C6DC90 /* Build configuration list for PBXProject "Testing-CB" */;
			compatibilityVersion = "Xcode 13.0";
			developmentRegion = en;
			hasScannedForEncodings = 0;
			knownRegions = (
				en,
				Base,
			);
			mainGroup = 8FC6650827EAE80100C6DC90;
			productRefGroup = 8FC6651227EAE80100C6DC90 /* Products */;
			projectDirPath = "";
			projectRoot = "";
			targets = (
				8FC6651027EAE80100C6DC90 /* Testing-CB */,
				8FC6652B27EAE81500C6DC90 /* Testing-CBTests */,
			);
		};
/* End PBXProject section */

/* Begin PBXResourcesBuildPhase section */
		8FC6650F27EAE80100C6DC90 /* Resources */ = {
			isa = PBXResourcesBuildPhase;
			buildActionMask = 2147483647;
			files = (
				8FC6652127EAE80300C6DC90 /* LaunchScreen.storyboard in Resources */,
				8FC6651E27EAE80300C6DC90 /* Assets.xcassets in Resources */,
				8FC6651C27EAE80100C6DC90 /* Main.storyboard in Resources */,
			);
			runOnlyForDeploymentPostprocessing = 0;
		};
		8FC6652A27EAE81500C6DC90 /* Resources */ = {
			isa = PBXResourcesBuildPhase;
			buildActionMask = 2147483647;
			files = (
			);
			runOnlyForDeploymentPostprocessing = 0;
		};
/* End PBXResourcesBuildPhase section */

/* Begin PBXSourcesBuildPhase section */
		8FC6650D27EAE80100C6DC90 /* Sources */ = {
			isa = PBXSourcesBuildPhase;
			buildActionMask = 2147483647;
			files = (
				8FC6651927EAE80100C6DC90 /* ViewController.swift in Sources */,
				8FC6651527EAE80100C6DC90 /* AppDelegate.swift in Sources */,
				8FC6651727EAE80100C6DC90 /* SceneDelegate.swift in Sources */,
			);
			runOnlyForDeploymentPostprocessing = 0;
		};
		8FC6652827EAE81500C6DC90 /* Sources */ = {
			isa = PBXSourcesBuildPhase;
			buildActionMask = 2147483647;
			files = (
				8FC6653B27EAF11C00C6DC90 /* Creator.m in Sources */,
				8FC6653627EAE82800C6DC90 /* BluetoothManagerTests.swift in Sources */,
			);
			runOnlyForDeploymentPostprocessing = 0;
		};
/* End PBXSourcesBuildPhase section */

/* Begin PBXTargetDependency section */
		8FC6653127EAE81500C6DC90 /* PBXTargetDependency */ = {
			isa = PBXTargetDependency;
			target = 8FC6651027EAE80100C6DC90 /* Testing-CB */;
			targetProxy = 8FC6653027EAE81500C6DC90 /* PBXContainerItemProxy */;
		};
/* End PBXTargetDependency section */

/* Begin PBXVariantGroup section */
		8FC6651A27EAE80100C6DC90 /* Main.storyboard */ = {
			isa = PBXVariantGroup;
			children = (
				8FC6651B27EAE80100C6DC90 /* Base */,
			);
			name = Main.storyboard;
			sourceTree = "<group>";
		};
		8FC6651F27EAE80300C6DC90 /* LaunchScreen.storyboard */ = {
			isa = PBXVariantGroup;
			children = (
				8FC6652027EAE80300C6DC90 /* Base */,
			);
			name = LaunchScreen.storyboard;
			sourceTree = "<group>";
		};
/* End PBXVariantGroup section */

/* Begin XCBuildConfiguration section */
		8FC6652327EAE80300C6DC90 /* Debug */ = {
			isa = XCBuildConfiguration;
			buildSettings = {
				ALWAYS_SEARCH_USER_PATHS = NO;
				CLANG_ANALYZER_NONNULL = YES;
				CLANG_ANALYZER_NUMBER_OBJECT_CONVERSION = YES_AGGRESSIVE;
				CLANG_CXX_LANGUAGE_STANDARD = "gnu++17";
				CLANG_CXX_LIBRARY = "libc++";
				CLANG_ENABLE_MODULES = YES;
				CLANG_ENABLE_OBJC_ARC = YES;
				CLANG_ENABLE_OBJC_WEAK = YES;
				CLANG_WARN_BLOCK_CAPTURE_AUTORELEASING = YES;
				CLANG_WARN_BOOL_CONVERSION = YES;
				CLANG_WARN_COMMA = YES;
				CLANG_WARN_CONSTANT_CONVERSION = YES;
				CLANG_WARN_DEPRECATED_OBJC_IMPLEMENTATIONS = YES;
				CLANG_WARN_DIRECT_OBJC_ISA_USAGE = YES_ERROR;
				CLANG_WARN_DOCUMENTATION_COMMENTS = YES;
				CLANG_WARN_EMPTY_BODY = YES;
				CLANG_WARN_ENUM_CONVERSION = YES;
				CLANG_WARN_INFINITE_RECURSION = YES;
				CLANG_WARN_INT_CONVERSION = YES;
				CLANG_WARN_NON_LITERAL_NULL_CONVERSION = YES;
				CLANG_WARN_OBJC_IMPLICIT_RETAIN_SELF = YES;
				CLANG_WARN_OBJC_LITERAL_CONVERSION = YES;
				CLANG_WARN_OBJC_ROOT_CLASS = YES_ERROR;
				CLANG_WARN_QUOTED_INCLUDE_IN_FRAMEWORK_HEADER = YES;
				CLANG_WARN_RANGE_LOOP_ANALYSIS = YES;
				CLANG_WARN_STRICT_PROTOTYPES = YES;
				CLANG_WARN_SUSPICIOUS_MOVE = YES;
				CLANG_WARN_UNGUARDED_AVAILABILITY = YES_AGGRESSIVE;
				CLANG_WARN_UNREACHABLE_CODE = YES;
				CLANG_WARN__DUPLICATE_METHOD_MATCH = YES;
				COPY_PHASE_STRIP = NO;
				DEBUG_INFORMATION_FORMAT = dwarf;
				ENABLE_STRICT_OBJC_MSGSEND = YES;
				ENABLE_TESTABILITY = YES;
				GCC_C_LANGUAGE_STANDARD = gnu11;
				GCC_DYNAMIC_NO_PIC = NO;
				GCC_NO_COMMON_BLOCKS = YES;
				GCC_OPTIMIZATION_LEVEL = 0;
				GCC_PREPROCESSOR_DEFINITIONS = (
					"DEBUG=1",
					"$(inherited)",
				);
				GCC_WARN_64_TO_32_BIT_CONVERSION = YES;
				GCC_WARN_ABOUT_RETURN_TYPE = YES_ERROR;
				GCC_WARN_UNDECLARED_SELECTOR = YES;
				GCC_WARN_UNINITIALIZED_AUTOS = YES_AGGRESSIVE;
				GCC_WARN_UNUSED_FUNCTION = YES;
				GCC_WARN_UNUSED_VARIABLE = YES;
				IPHONEOS_DEPLOYMENT_TARGET = 15.2;
				MTL_ENABLE_DEBUG_INFO = INCLUDE_SOURCE;
				MTL_FAST_MATH = YES;
				ONLY_ACTIVE_ARCH = YES;
				SDKROOT = iphoneos;
				SWIFT_ACTIVE_COMPILATION_CONDITIONS = DEBUG;
				SWIFT_OPTIMIZATION_LEVEL = "-Onone";
			};
			name = Debug;
		};
		8FC6652427EAE80300C6DC90 /* Release */ = {
			isa = XCBuildConfiguration;
			buildSettings = {
				ALWAYS_SEARCH_USER_PATHS = NO;
				CLANG_ANALYZER_NONNULL = YES;
				CLANG_ANALYZER_NUMBER_OBJECT_CONVERSION = YES_AGGRESSIVE;
				CLANG_CXX_LANGUAGE_STANDARD = "gnu++17";
				CLANG_CXX_LIBRARY = "libc++";
				CLANG_ENABLE_MODULES = YES;
				CLANG_ENABLE_OBJC_ARC = YES;
				CLANG_ENABLE_OBJC_WEAK = YES;
				CLANG_WARN_BLOCK_CAPTURE_AUTORELEASING = YES;
				CLANG_WARN_BOOL_CONVERSION = YES;
				CLANG_WARN_COMMA = YES;
				CLANG_WARN_CONSTANT_CONVERSION = YES;
				CLANG_WARN_DEPRECATED_OBJC_IMPLEMENTATIONS = YES;
				CLANG_WARN_DIRECT_OBJC_ISA_USAGE = YES_ERROR;
				CLANG_WARN_DOCUMENTATION_COMMENTS = YES;
				CLANG_WARN_EMPTY_BODY = YES;
				CLANG_WARN_ENUM_CONVERSION = YES;
				CLANG_WARN_INFINITE_RECURSION = YES;
				CLANG_WARN_INT_CONVERSION = YES;
				CLANG_WARN_NON_LITERAL_NULL_CONVERSION = YES;
				CLANG_WARN_OBJC_IMPLICIT_RETAIN_SELF = YES;
				CLANG_WARN_OBJC_LITERAL_CONVERSION = YES;
				CLANG_WARN_OBJC_ROOT_CLASS = YES_ERROR;
				CLANG_WARN_QUOTED_INCLUDE_IN_FRAMEWORK_HEADER = YES;
				CLANG_WARN_RANGE_LOOP_ANALYSIS = YES;
				CLANG_WARN_STRICT_PROTOTYPES = YES;
				CLANG_WARN_SUSPICIOUS_MOVE = YES;
				CLANG_WARN_UNGUARDED_AVAILABILITY = YES_AGGRESSIVE;
				CLANG_WARN_UNREACHABLE_CODE = YES;
				CLANG_WARN__DUPLICATE_METHOD_MATCH = YES;
				COPY_PHASE_STRIP = NO;
				DEBUG_INFORMATION_FORMAT = "dwarf-with-dsym";
				ENABLE_NS_ASSERTIONS = NO;
				ENABLE_STRICT_OBJC_MSGSEND = YES;
				GCC_C_LANGUAGE_STANDARD = gnu11;
				GCC_NO_COMMON_BLOCKS = YES;
				GCC_WARN_64_TO_32_BIT_CONVERSION = YES;
				GCC_WARN_ABOUT_RETURN_TYPE = YES_ERROR;
				GCC_WARN_UNDECLARED_SELECTOR = YES;
				GCC_WARN_UNINITIALIZED_AUTOS = YES_AGGRESSIVE;
				GCC_WARN_UNUSED_FUNCTION = YES;
				GCC_WARN_UNUSED_VARIABLE = YES;
				IPHONEOS_DEPLOYMENT_TARGET = 15.2;
				MTL_ENABLE_DEBUG_INFO = NO;
				MTL_FAST_MATH = YES;
				SDKROOT = iphoneos;
				SWIFT_COMPILATION_MODE = wholemodule;
				SWIFT_OPTIMIZATION_LEVEL = "-O";
				VALIDATE_PRODUCT = YES;
			};
			name = Release;
		};
		8FC6652627EAE80300C6DC90 /* Debug */ = {
			isa = XCBuildConfiguration;
			buildSettings = {
				ASSETCATALOG_COMPILER_APPICON_NAME = AppIcon;
				ASSETCATALOG_COMPILER_GLOBAL_ACCENT_COLOR_NAME = AccentColor;
				CODE_SIGN_STYLE = Automatic;
				CURRENT_PROJECT_VERSION = 1;
				GENERATE_INFOPLIST_FILE = YES;
				INFOPLIST_FILE = "Testing-CB/Info.plist";
				INFOPLIST_KEY_UIApplicationSupportsIndirectInputEvents = YES;
				INFOPLIST_KEY_UILaunchStoryboardName = LaunchScreen;
				INFOPLIST_KEY_UIMainStoryboardFile = Main;
				INFOPLIST_KEY_UISupportedInterfaceOrientations_iPad = "UIInterfaceOrientationPortrait UIInterfaceOrientationPortraitUpsideDown UIInterfaceOrientationLandscapeLeft UIInterfaceOrientationLandscapeRight";
				INFOPLIST_KEY_UISupportedInterfaceOrientations_iPhone = "UIInterfaceOrientationPortrait UIInterfaceOrientationLandscapeLeft UIInterfaceOrientationLandscapeRight";
				LD_RUNPATH_SEARCH_PATHS = (
					"$(inherited)",
					"@executable_path/Frameworks",
				);
				MARKETING_VERSION = 1.0;
				PRODUCT_BUNDLE_IDENTIFIER = "com.chowis.Testing-CB";
				PRODUCT_NAME = "$(TARGET_NAME)";
				SWIFT_EMIT_LOC_STRINGS = YES;
				SWIFT_VERSION = 5.0;
				TARGETED_DEVICE_FAMILY = "1,2";
			};
			name = Debug;
		};
		8FC6652727EAE80300C6DC90 /* Release */ = {
			isa = XCBuildConfiguration;
			buildSettings = {
				ASSETCATALOG_COMPILER_APPICON_NAME = AppIcon;
				ASSETCATALOG_COMPILER_GLOBAL_ACCENT_COLOR_NAME = AccentColor;
				CODE_SIGN_STYLE = Automatic;
				CURRENT_PROJECT_VERSION = 1;
				GENERATE_INFOPLIST_FILE = YES;
				INFOPLIST_FILE = "Testing-CB/Info.plist";
				INFOPLIST_KEY_UIApplicationSupportsIndirectInputEvents = YES;
				INFOPLIST_KEY_UILaunchStoryboardName = LaunchScreen;
				INFOPLIST_KEY_UIMainStoryboardFile = Main;
				INFOPLIST_KEY_UISupportedInterfaceOrientations_iPad = "UIInterfaceOrientationPortrait UIInterfaceOrientationPortraitUpsideDown UIInterfaceOrientationLandscapeLeft UIInterfaceOrientationLandscapeRight";
				INFOPLIST_KEY_UISupportedInterfaceOrientations_iPhone = "UIInterfaceOrientationPortrait UIInterfaceOrientationLandscapeLeft UIInterfaceOrientationLandscapeRight";
				LD_RUNPATH_SEARCH_PATHS = (
					"$(inherited)",
					"@executable_path/Frameworks",
				);
				MARKETING_VERSION = 1.0;
				PRODUCT_BUNDLE_IDENTIFIER = "com.chowis.Testing-CB";
				PRODUCT_NAME = "$(TARGET_NAME)";
				SWIFT_EMIT_LOC_STRINGS = YES;
				SWIFT_VERSION = 5.0;
				TARGETED_DEVICE_FAMILY = "1,2";
			};
			name = Release;
		};
		8FC6653327EAE81500C6DC90 /* Debug */ = {
			isa = XCBuildConfiguration;
			buildSettings = {
				BUNDLE_LOADER = "$(TEST_HOST)";
				CLANG_ENABLE_MODULES = YES;
				CODE_SIGN_STYLE = Automatic;
				CURRENT_PROJECT_VERSION = 1;
				GENERATE_INFOPLIST_FILE = YES;
				LD_RUNPATH_SEARCH_PATHS = (
					"$(inherited)",
					"@executable_path/Frameworks",
					"@loader_path/Frameworks",
				);
				MARKETING_VERSION = 1.0;
				PRODUCT_BUNDLE_IDENTIFIER = "com.chowis.Testing-CBTests";
				PRODUCT_NAME = "$(TARGET_NAME)";
				SWIFT_EMIT_LOC_STRINGS = NO;
				SWIFT_OBJC_BRIDGING_HEADER = "Testing-CBTests/Testing-CBTests-Bridging-Header.h";
				SWIFT_OPTIMIZATION_LEVEL = "-Onone";
				SWIFT_VERSION = 5.0;
				TARGETED_DEVICE_FAMILY = "1,2";
				TEST_HOST = "$(BUILT_PRODUCTS_DIR)/Testing-CB.app/Testing-CB";
			};
			name = Debug;
		};
		8FC6653427EAE81500C6DC90 /* Release */ = {
			isa = XCBuildConfiguration;
			buildSettings = {
				BUNDLE_LOADER = "$(TEST_HOST)";
				CLANG_ENABLE_MODULES = YES;
				CODE_SIGN_STYLE = Automatic;
				CURRENT_PROJECT_VERSION = 1;
				GENERATE_INFOPLIST_FILE = YES;
				LD_RUNPATH_SEARCH_PATHS = (
					"$(inherited)",
					"@executable_path/Frameworks",
					"@loader_path/Frameworks",
				);
				MARKETING_VERSION = 1.0;
				PRODUCT_BUNDLE_IDENTIFIER = "com.chowis.Testing-CBTests";
				PRODUCT_NAME = "$(TARGET_NAME)";
				SWIFT_EMIT_LOC_STRINGS = NO;
				SWIFT_OBJC_BRIDGING_HEADER = "Testing-CBTests/Testing-CBTests-Bridging-Header.h";
				SWIFT_VERSION = 5.0;
				TARGETED_DEVICE_FAMILY = "1,2";
				TEST_HOST = "$(BUILT_PRODUCTS_DIR)/Testing-CB.app/Testing-CB";
			};
			name = Release;
		};
/* End XCBuildConfiguration section */

/* Begin XCConfigurationList section */
		8FC6650C27EAE80100C6DC90 /* Build configuration list for PBXProject "Testing-CB" */ = {
			isa = XCConfigurationList;
			buildConfigurations = (
				8FC6652327EAE80300C6DC90 /* Debug */,
				8FC6652427EAE80300C6DC90 /* Release */,
			);
			defaultConfigurationIsVisible = 0;
			defaultConfigurationName = Release;
		};
		8FC6652527EAE80300C6DC90 /* Build configuration list for PBXNativeTarget "Testing-CB" */ = {
			isa = XCConfigurationList;
			buildConfigurations = (
				8FC6652627EAE80300C6DC90 /* Debug */,
				8FC6652727EAE80300C6DC90 /* Release */,
			);
			defaultConfigurationIsVisible = 0;
			defaultConfigurationName = Release;
		};
		8FC6653227EAE81500C6DC90 /* Build configuration list for PBXNativeTarget "Testing-CBTests" */ = {
			isa = XCConfigurationList;
			buildConfigurations = (
				8FC6653327EAE81500C6DC90 /* Debug */,
				8FC6653427EAE81500C6DC90 /* Release */,
			);
			defaultConfigurationIsVisible = 0;
			defaultConfigurationName = Release;
		};
/* End XCConfigurationList section */
	};
	rootObject = 8FC6650927EAE80100C6DC90 /* Project object */;
}
